
Microsoft Visual Studio Solution File, Format Version 12.00
# Visual Studio Version 16
VisualStudioVersion = 16.0.31321.278
MinimumVisualStudioVersion = 10.0.40219.1
Project("{FAE04EC0-301F-11D3-BF4B-00C04F79EFBC}") = "CoworkingApp", "CoworkingApp\CoworkingApp.csproj", "{971FFCBE-5EF2-4731-9FF1-BE7E524EA85F}"
EndProject
Global
	GlobalSection(SolutionConfigurationPlatforms) = preSolution
		Debug|Any CPU = Debug|Any CPU
		Release|Any CPU = Release|Any CPU
	EndGlobalSection
	GlobalSection(ProjectConfigurationPlatforms) = postSolution
		{971FFCBE-5EF2-4731-9FF1-BE7E524EA85F}.Debug|Any CPU.ActiveCfg = Debug|Any CPU
		{971FFCBE-5EF2-4731-9FF1-BE7E524EA85F}.Debug|Any CPU.Build.0 = Debug|Any CPU
		{971FFCBE-5EF2-4731-9FF1-BE7E524EA85F}.Release|Any CPU.ActiveCfg = Release|Any CPU
		{971FFCBE-5EF2-4731-9FF1-BE7E524EA85F}.Release|Any CPU.Build.0 = Release|Any CPU
	EndGlobalSection
	GlobalSection(SolutionProperties) = preSolution
		HideSolutionNode = FALSE
	EndGlobalSection
	GlobalSection(ExtensibilityGlobals) = postSolution
		SolutionGuid = {CCAEFF5F-3877-4B01-A3B5-FA8326946C49}
	EndGlobalSection
EndGlobal
